
Microsoft Visual Studio Solution File, Format Version 12.00
# Visual Studio 15
VisualStudioVersion = 15.0.28307.645
MinimumVisualStudioVersion = 10.0.40219.1
Project("{2150E333-8FDC-42A3-9474-1A3956D46DE8}") = "AThirdparty", "AThirdparty", "{72664FDD-B00A-4A75-9717-9E0927FDB21A}"
EndProject
Project("{2150E333-8FDC-42A3-9474-1A3956D46DE8}") = "NFComm", "NFComm", "{EF76B03E-F520-4D82-8ED1-FC2B74D83A8C}"
EndProject
Project("{2150E333-8FDC-42A3-9474-1A3956D46DE8}") = "NFCommPlugin", "NFCommPlugin", "{0A0827F0-BD6F-497C-B2FC-3198A1518DC8}"
EndProject
Project("{2150E333-8FDC-42A3-9474-1A3956D46DE8}") = "NFPluginLoader", "NFPluginLoader", "{3B913292-8CD8-479B-B4CF-F898D2A72B8D}"
EndProject
Project("{8BC9CEB8-8B4A-11D0-8D11-00A0C91BC942}") = "NFPluginLoader", "NFPluginLoader\NFPluginLoader.vcxproj", "{8A995D3C-41E3-4742-BD23-ED0F09B1DFC4}"
	ProjectSection(ProjectDependencies) = postProject
		{D0FAE502-D650-4F3C-8C7B-691FC048CA93} = {D0FAE502-D650-4F3C-8C7B-691FC048CA93}
		{6049C43C-6634-4C11-AD18-916014D19E12} = {6049C43C-6634-4C11-AD18-916014D19E12}
		{AEA8C25D-D39D-449E-BF4F-130DC1A85612} = {AEA8C25D-D39D-449E-BF4F-130DC1A85612}
		{52DB0961-B2DA-46EC-847E-6445584132E3} = {52DB0961-B2DA-46EC-847E-6445584132E3}
		{947A707C-17E1-4B3C-8A17-3D6485FCBA4B} = {947A707C-17E1-4B3C-8A17-3D6485FCBA4B}
		{3955E67C-1290-4BD2-B0AC-246F77B53C1E} = {3955E67C-1290-4BD2-B0AC-246F77B53C1E}
		{5269E592-2FF2-44DA-A18D-6BCF2194624D} = {5269E592-2FF2-44DA-A18D-6BCF2194624D}
		{33C6EBBF-2919-427C-90B5-92CD9F9CFCAA} = {33C6EBBF-2919-427C-90B5-92CD9F9CFCAA}
	EndProjectSection
EndProject
Project("{2150E333-8FDC-42A3-9474-1A3956D46DE8}") = "NFTest", "NFTest", "{6F18826C-17DA-40B3-B82F-149C736DA924}"
EndProject
Project("{8BC9CEB8-8B4A-11D0-8D11-00A0C91BC942}") = "NFCore", "StaticNFrame\NFCore\NFCore.vcxproj", "{5269E592-2FF2-44DA-A18D-6BCF2194624D}"
EndProject
Project("{8BC9CEB8-8B4A-11D0-8D11-00A0C91BC942}") = "NFPluginModule", "StaticNFrame\NFPluginModule\NFPluginModule.vcxproj", "{AEA8C25D-D39D-449E-BF4F-130DC1A85612}"
EndProject
Project("{8BC9CEB8-8B4A-11D0-8D11-00A0C91BC942}") = "NFKernelPlugin", "StaticNFrame\NFKernelPlugin\NFKernelPlugin.vcxproj", "{52DB0961-B2DA-46EC-847E-6445584132E3}"
EndProject
Project("{8BC9CEB8-8B4A-11D0-8D11-00A0C91BC942}") = "NFNetPlugin", "StaticNFrame\NFNetPlugin\NFNetPlugin.vcxproj", "{33C6EBBF-2919-427C-90B5-92CD9F9CFCAA}"
EndProject
Project("{8BC9CEB8-8B4A-11D0-8D11-00A0C91BC942}") = "NFTestPlugin", "StaticNFrame\NFTestPlugin\NFTestPlugin.vcxproj", "{6049C43C-6634-4C11-AD18-916014D19E12}"
EndProject
Project("{8BC9CEB8-8B4A-11D0-8D11-00A0C91BC942}") = "common", "StaticNFrame\common\common.vcxproj", "{D0FAE502-D650-4F3C-8C7B-691FC048CA93}"
EndProject
Project("{8BC9CEB8-8B4A-11D0-8D11-00A0C91BC942}") = "evpp", "StaticNFrame\evpp\evpp.vcxproj", "{947A707C-17E1-4B3C-8A17-3D6485FCBA4B}"
EndProject
Project("{8BC9CEB8-8B4A-11D0-8D11-00A0C91BC942}") = "LuaBind", "StaticNFrame\LuaBind\LuaBind.vcxproj", "{3955E67C-1290-4BD2-B0AC-246F77B53C1E}"
EndProject
Project("{8BC9CEB8-8B4A-11D0-8D11-00A0C91BC942}") = "mysqlpp", "StaticNFrame\mysqlpp\mysqlpp.vcxproj", "{636D46C0-207A-478A-A1E8-FB803946A875}"
EndProject
Project("{8BC9CEB8-8B4A-11D0-8D11-00A0C91BC942}") = "NFShmPlugin", "StaticNFrame\NFShmPlugin\NFShmPlugin.vcxproj", "{55BE764F-2F31-4DFE-902C-9CF567D4471F}"
EndProject
Project("{8BC9CEB8-8B4A-11D0-8D11-00A0C91BC942}") = "NFShmCore", "StaticNFrame\NFShmCore\NFShmCore.vcxproj", "{85A5462D-0A5E-4018-AA12-FAF939D59BB7}"
EndProject
Project("{8BC9CEB8-8B4A-11D0-8D11-00A0C91BC942}") = "NFKernelMessage", "StaticNFrame\NFKernelMessage\NFKernelMessage.vcxproj", "{EDCE0209-BE1D-4D9E-89BB-F5B6F7BCAE27}"
EndProject
Project("{8BC9CEB8-8B4A-11D0-8D11-00A0C91BC942}") = "NFMessageDefine", "StaticNFrame\NFMessageDefine\NFMessageDefine.vcxproj", "{1734427B-FD75-4D09-9CF7-2155536BA7E5}"
EndProject
Project("{2150E333-8FDC-42A3-9474-1A3956D46DE8}") = "NFServer", "NFServer", "{84CF55E7-26B4-4A90-B8D3-9E248DCC70DB}"
EndProject
Project("{8BC9CEB8-8B4A-11D0-8D11-00A0C91BC942}") = "NFCommLogicPlugin", "NFServer\NFCommLogicPlugin\NFCommLogicPlugin.vcxproj", "{057FC0B6-0CEF-47D5-B0AB-6A8EA8ED5150}"
EndProject
Project("{8BC9CEB8-8B4A-11D0-8D11-00A0C91BC942}") = "NFGameServerPlugin", "NFServer\NFGameServerPlugin\NFGameServerPlugin.vcxproj", "{A76AD8C1-BB16-402F-A9A5-B096E9579E6E}"
EndProject
Project("{8BC9CEB8-8B4A-11D0-8D11-00A0C91BC942}") = "NFLogicServerPlugin", "NFServer\NFLogicServerPlugin\NFLogicServerPlugin.vcxproj", "{393CBBD6-FA76-432B-8CF2-3064EB0DF855}"
EndProject
Project("{8BC9CEB8-8B4A-11D0-8D11-00A0C91BC942}") = "NFLoginServerPlugin", "NFServer\NFLoginServerPlugin\NFLoginServerPlugin.vcxproj", "{5C4DE195-38DB-4A51-83D6-3DA3A7E06898}"
EndProject
Project("{8BC9CEB8-8B4A-11D0-8D11-00A0C91BC942}") = "NFMasterServerPlugin", "NFServer\NFMasterServerPlugin\NFMasterServerPlugin.vcxproj", "{D7509247-6B86-478E-9B57-A2B0F4A2F2A7}"
EndProject
Project("{8BC9CEB8-8B4A-11D0-8D11-00A0C91BC942}") = "NFProxyServerPlugin", "NFServer\NFProxyServerPlugin\NFProxyServerPlugin.vcxproj", "{1401E64E-396E-448D-BCDF-148B5B173110}"
EndProject
Project("{8BC9CEB8-8B4A-11D0-8D11-00A0C91BC942}") = "NFRouteAgentServerPlugin", "NFServer\NFRouteAgentServerPlugin\NFRouteAgentServerPlugin.vcxproj", "{BBD552BE-65BD-48BC-A4A4-12DAFFFC8142}"
EndProject
Project("{8BC9CEB8-8B4A-11D0-8D11-00A0C91BC942}") = "NFRouteServerPlugin", "NFServer\NFRouteServerPlugin\NFRouteServerPlugin.vcxproj", "{22A2CC7A-1786-42E9-B215-39F1C4A8FB11}"
EndProject
Project("{8BC9CEB8-8B4A-11D0-8D11-00A0C91BC942}") = "NFSnsServerPlugin", "NFServer\NFSnsServerPlugin\NFSnsServerPlugin.vcxproj", "{5B30C1D2-1902-41A3-A87C-4983F4D7718A}"
EndProject
Project("{8BC9CEB8-8B4A-11D0-8D11-00A0C91BC942}") = "NFStoreServerPlugin", "NFServer\NFStoreServerPlugin\NFStoreServerPlugin.vcxproj", "{271743B8-A32A-4DBE-924E-7CE134665B54}"
EndProject
Project("{8BC9CEB8-8B4A-11D0-8D11-00A0C91BC942}") = "NFWebServerPlugin", "NFServer\NFWebServerPlugin\NFWebServerPlugin.vcxproj", "{FCAFCF33-5DFE-4141-BD83-81B18E2B1701}"
EndProject
Project("{8BC9CEB8-8B4A-11D0-8D11-00A0C91BC942}") = "NFWorldServerPlugin", "NFServer\NFWorldServerPlugin\NFWorldServerPlugin.vcxproj", "{146D2668-499F-4B19-95ED-E243FB688E5E}"
EndProject
Project("{8BC9CEB8-8B4A-11D0-8D11-00A0C91BC942}") = "NFProxyAgentServerPlugin", "NFServer\NFProxyAgentServerPlugin\NFProxyAgentServerPlugin.vcxproj", "{07F04E71-78E4-416C-97E0-5D4A1D4E5EE0}"
EndProject
Project("{2150E333-8FDC-42A3-9474-1A3956D46DE8}") = "NFServerLogic", "NFServerLogic", "{963D3F0A-9939-4091-A025-9A7CFEEB82D2}"
EndProject
Project("{8BC9CEB8-8B4A-11D0-8D11-00A0C91BC942}") = "NFLogicServerPlayerPlugin", "NFServerLogic\NFLogicServerPlayerPlugin\NFLogicServerPlayerPlugin.vcxproj", "{F8E310C1-9629-4799-814E-46F7E15C96F1}"
EndProject
Project("{8BC9CEB8-8B4A-11D0-8D11-00A0C91BC942}") = "NFLoginServerPlayerPlugin", "NFServerLogic\NFLoginServerPlayerPlugin\NFLoginServerPlayerPlugin.vcxproj", "{CA6F9D49-8857-48A4-905F-C051C0F5A4F1}"
EndProject
Project("{8BC9CEB8-8B4A-11D0-8D11-00A0C91BC942}") = "NFProxyClientPlugin", "NFServerLogic\NFProxyClientPlugin\NFProxyClientPlugin.vcxproj", "{32DD7E3E-98C1-41E1-B948-F0FFAA522D4A}"
EndProject
Project("{8BC9CEB8-8B4A-11D0-8D11-00A0C91BC942}") = "NFSnsServerPlayerPlugin", "NFServerLogic\NFSnsServerPlayerPlugin\NFSnsServerPlayerPlugin.vcxproj", "{F63ACCA8-64D5-40A7-9BA5-896B45335E32}"
EndProject
Project("{8BC9CEB8-8B4A-11D0-8D11-00A0C91BC942}") = "NFWebServerLogicPlugin", "NFServerLogic\NFWebServerLogicPlugin\NFWebServerLogicPlugin.vcxproj", "{1147E624-A69F-4C8F-8E18-CD589F8C9758}"
EndProject
Project("{8BC9CEB8-8B4A-11D0-8D11-00A0C91BC942}") = "NFWorldServerPlayerPlugin", "NFServerLogic\NFWorldServerPlayerPlugin\NFWorldServerPlayerPlugin.vcxproj", "{170096D6-8E0A-40E1-88F4-CAAC2D4B5EDD}"
EndProject
Project("{8BC9CEB8-8B4A-11D0-8D11-00A0C91BC942}") = "NFRobotPlugin", "StaticNFrame\NFRobotPlugin\NFRobotPlugin.vcxproj", "{FF9734AE-91A3-47BD-A6E8-D4B93EB6F77D}"
EndProject
Global
	GlobalSection(SolutionConfigurationPlatforms) = preSolution
		Debug|x64 = Debug|x64
		Debug|x86 = Debug|x86
		Release|x64 = Release|x64
		Release|x86 = Release|x86
	EndGlobalSection
	GlobalSection(ProjectConfigurationPlatforms) = postSolution
		{8A995D3C-41E3-4742-BD23-ED0F09B1DFC4}.Debug|x64.ActiveCfg = Debug|x64
		{8A995D3C-41E3-4742-BD23-ED0F09B1DFC4}.Debug|x64.Build.0 = Debug|x64
		{8A995D3C-41E3-4742-BD23-ED0F09B1DFC4}.Debug|x86.ActiveCfg = Debug|x64
		{8A995D3C-41E3-4742-BD23-ED0F09B1DFC4}.Release|x64.ActiveCfg = Release|x64
		{8A995D3C-41E3-4742-BD23-ED0F09B1DFC4}.Release|x64.Build.0 = Release|x64
		{8A995D3C-41E3-4742-BD23-ED0F09B1DFC4}.Release|x86.ActiveCfg = Release|x64
		{5269E592-2FF2-44DA-A18D-6BCF2194624D}.Debug|x64.ActiveCfg = Debug|x64
		{5269E592-2FF2-44DA-A18D-6BCF2194624D}.Debug|x64.Build.0 = Debug|x64
		{5269E592-2FF2-44DA-A18D-6BCF2194624D}.Debug|x86.ActiveCfg = Debug|Win32
		{5269E592-2FF2-44DA-A18D-6BCF2194624D}.Debug|x86.Build.0 = Debug|Win32
		{5269E592-2FF2-44DA-A18D-6BCF2194624D}.Release|x64.ActiveCfg = Release|x64
		{5269E592-2FF2-44DA-A18D-6BCF2194624D}.Release|x64.Build.0 = Release|x64
		{5269E592-2FF2-44DA-A18D-6BCF2194624D}.Release|x86.ActiveCfg = Release|Win32
		{5269E592-2FF2-44DA-A18D-6BCF2194624D}.Release|x86.Build.0 = Release|Win32
		{AEA8C25D-D39D-449E-BF4F-130DC1A85612}.Debug|x64.ActiveCfg = Debug|x64
		{AEA8C25D-D39D-449E-BF4F-130DC1A85612}.Debug|x64.Build.0 = Debug|x64
		{AEA8C25D-D39D-449E-BF4F-130DC1A85612}.Debug|x86.ActiveCfg = Debug|Win32
		{AEA8C25D-D39D-449E-BF4F-130DC1A85612}.Debug|x86.Build.0 = Debug|Win32
		{AEA8C25D-D39D-449E-BF4F-130DC1A85612}.Release|x64.ActiveCfg = Release|x64
		{AEA8C25D-D39D-449E-BF4F-130DC1A85612}.Release|x64.Build.0 = Release|x64
		{AEA8C25D-D39D-449E-BF4F-130DC1A85612}.Release|x86.ActiveCfg = Release|Win32
		{AEA8C25D-D39D-449E-BF4F-130DC1A85612}.Release|x86.Build.0 = Release|Win32
		{52DB0961-B2DA-46EC-847E-6445584132E3}.Debug|x64.ActiveCfg = Debug|x64
		{52DB0961-B2DA-46EC-847E-6445584132E3}.Debug|x64.Build.0 = Debug|x64
		{52DB0961-B2DA-46EC-847E-6445584132E3}.Debug|x86.ActiveCfg = Debug|Win32
		{52DB0961-B2DA-46EC-847E-6445584132E3}.Debug|x86.Build.0 = Debug|Win32
		{52DB0961-B2DA-46EC-847E-6445584132E3}.Release|x64.ActiveCfg = Release|x64
		{52DB0961-B2DA-46EC-847E-6445584132E3}.Release|x64.Build.0 = Release|x64
		{52DB0961-B2DA-46EC-847E-6445584132E3}.Release|x86.ActiveCfg = Release|Win32
		{52DB0961-B2DA-46EC-847E-6445584132E3}.Release|x86.Build.0 = Release|Win32
		{33C6EBBF-2919-427C-90B5-92CD9F9CFCAA}.Debug|x64.ActiveCfg = Debug|x64
		{33C6EBBF-2919-427C-90B5-92CD9F9CFCAA}.Debug|x64.Build.0 = Debug|x64
		{33C6EBBF-2919-427C-90B5-92CD9F9CFCAA}.Debug|x86.ActiveCfg = Debug|Win32
		{33C6EBBF-2919-427C-90B5-92CD9F9CFCAA}.Debug|x86.Build.0 = Debug|Win32
		{33C6EBBF-2919-427C-90B5-92CD9F9CFCAA}.Release|x64.ActiveCfg = Release|x64
		{33C6EBBF-2919-427C-90B5-92CD9F9CFCAA}.Release|x64.Build.0 = Release|x64
		{33C6EBBF-2919-427C-90B5-92CD9F9CFCAA}.Release|x86.ActiveCfg = Release|Win32
		{33C6EBBF-2919-427C-90B5-92CD9F9CFCAA}.Release|x86.Build.0 = Release|Win32
		{6049C43C-6634-4C11-AD18-916014D19E12}.Debug|x64.ActiveCfg = Debug|x64
		{6049C43C-6634-4C11-AD18-916014D19E12}.Debug|x64.Build.0 = Debug|x64
		{6049C43C-6634-4C11-AD18-916014D19E12}.Debug|x86.ActiveCfg = Debug|Win32
		{6049C43C-6634-4C11-AD18-916014D19E12}.Debug|x86.Build.0 = Debug|Win32
		{6049C43C-6634-4C11-AD18-916014D19E12}.Release|x64.ActiveCfg = Release|x64
		{6049C43C-6634-4C11-AD18-916014D19E12}.Release|x64.Build.0 = Release|x64
		{6049C43C-6634-4C11-AD18-916014D19E12}.Release|x86.ActiveCfg = Release|Win32
		{6049C43C-6634-4C11-AD18-916014D19E12}.Release|x86.Build.0 = Release|Win32
		{D0FAE502-D650-4F3C-8C7B-691FC048CA93}.Debug|x64.ActiveCfg = Debug|x64
		{D0FAE502-D650-4F3C-8C7B-691FC048CA93}.Debug|x64.Build.0 = Debug|x64
		{D0FAE502-D650-4F3C-8C7B-691FC048CA93}.Debug|x86.ActiveCfg = Debug|x64
		{D0FAE502-D650-4F3C-8C7B-691FC048CA93}.Release|x64.ActiveCfg = Release|x64
		{D0FAE502-D650-4F3C-8C7B-691FC048CA93}.Release|x64.Build.0 = Release|x64
		{D0FAE502-D650-4F3C-8C7B-691FC048CA93}.Release|x86.ActiveCfg = Release|x64
		{947A707C-17E1-4B3C-8A17-3D6485FCBA4B}.Debug|x64.ActiveCfg = Debug|x64
		{947A707C-17E1-4B3C-8A17-3D6485FCBA4B}.Debug|x64.Build.0 = Debug|x64
		{947A707C-17E1-4B3C-8A17-3D6485FCBA4B}.Debug|x86.ActiveCfg = Debug|Win32
		{947A707C-17E1-4B3C-8A17-3D6485FCBA4B}.Debug|x86.Build.0 = Debug|Win32
		{947A707C-17E1-4B3C-8A17-3D6485FCBA4B}.Release|x64.ActiveCfg = Release|x64
		{947A707C-17E1-4B3C-8A17-3D6485FCBA4B}.Release|x64.Build.0 = Release|x64
		{947A707C-17E1-4B3C-8A17-3D6485FCBA4B}.Release|x86.ActiveCfg = Release|Win32
		{947A707C-17E1-4B3C-8A17-3D6485FCBA4B}.Release|x86.Build.0 = Release|Win32
		{3955E67C-1290-4BD2-B0AC-246F77B53C1E}.Debug|x64.ActiveCfg = Debug|x64
		{3955E67C-1290-4BD2-B0AC-246F77B53C1E}.Debug|x64.Build.0 = Debug|x64
		{3955E67C-1290-4BD2-B0AC-246F77B53C1E}.Debug|x86.ActiveCfg = Debug|x64
		{3955E67C-1290-4BD2-B0AC-246F77B53C1E}.Release|x64.ActiveCfg = Release|x64
		{3955E67C-1290-4BD2-B0AC-246F77B53C1E}.Release|x64.Build.0 = Release|x64
		{3955E67C-1290-4BD2-B0AC-246F77B53C1E}.Release|x86.ActiveCfg = Release|x64
		{636D46C0-207A-478A-A1E8-FB803946A875}.Debug|x64.ActiveCfg = Debug|x64
		{636D46C0-207A-478A-A1E8-FB803946A875}.Debug|x64.Build.0 = Debug|x64
		{636D46C0-207A-478A-A1E8-FB803946A875}.Debug|x86.ActiveCfg = Debug|Win32
		{636D46C0-207A-478A-A1E8-FB803946A875}.Debug|x86.Build.0 = Debug|Win32
		{636D46C0-207A-478A-A1E8-FB803946A875}.Release|x64.ActiveCfg = Release|x64
		{636D46C0-207A-478A-A1E8-FB803946A875}.Release|x64.Build.0 = Release|x64
		{636D46C0-207A-478A-A1E8-FB803946A875}.Release|x86.ActiveCfg = Release|Win32
		{636D46C0-207A-478A-A1E8-FB803946A875}.Release|x86.Build.0 = Release|Win32
		{55BE764F-2F31-4DFE-902C-9CF567D4471F}.Debug|x64.ActiveCfg = Debug|x64
		{55BE764F-2F31-4DFE-902C-9CF567D4471F}.Debug|x64.Build.0 = Debug|x64
		{55BE764F-2F31-4DFE-902C-9CF567D4471F}.Debug|x86.ActiveCfg = Debug|Win32
		{55BE764F-2F31-4DFE-902C-9CF567D4471F}.Debug|x86.Build.0 = Debug|Win32
		{55BE764F-2F31-4DFE-902C-9CF567D4471F}.Release|x64.ActiveCfg = Release|x64
		{55BE764F-2F31-4DFE-902C-9CF567D4471F}.Release|x64.Build.0 = Release|x64
		{55BE764F-2F31-4DFE-902C-9CF567D4471F}.Release|x86.ActiveCfg = Release|Win32
		{55BE764F-2F31-4DFE-902C-9CF567D4471F}.Release|x86.Build.0 = Release|Win32
		{85A5462D-0A5E-4018-AA12-FAF939D59BB7}.Debug|x64.ActiveCfg = Debug|x64
		{85A5462D-0A5E-4018-AA12-FAF939D59BB7}.Debug|x64.Build.0 = Debug|x64
		{85A5462D-0A5E-4018-AA12-FAF939D59BB7}.Debug|x86.ActiveCfg = Debug|Win32
		{85A5462D-0A5E-4018-AA12-FAF939D59BB7}.Debug|x86.Build.0 = Debug|Win32
		{85A5462D-0A5E-4018-AA12-FAF939D59BB7}.Release|x64.ActiveCfg = Release|x64
		{85A5462D-0A5E-4018-AA12-FAF939D59BB7}.Release|x64.Build.0 = Release|x64
		{85A5462D-0A5E-4018-AA12-FAF939D59BB7}.Release|x86.ActiveCfg = Release|Win32
		{85A5462D-0A5E-4018-AA12-FAF939D59BB7}.Release|x86.Build.0 = Release|Win32
		{EDCE0209-BE1D-4D9E-89BB-F5B6F7BCAE27}.Debug|x64.ActiveCfg = Debug|x64
		{EDCE0209-BE1D-4D9E-89BB-F5B6F7BCAE27}.Debug|x64.Build.0 = Debug|x64
		{EDCE0209-BE1D-4D9E-89BB-F5B6F7BCAE27}.Debug|x86.ActiveCfg = Debug|Win32
		{EDCE0209-BE1D-4D9E-89BB-F5B6F7BCAE27}.Debug|x86.Build.0 = Debug|Win32
		{EDCE0209-BE1D-4D9E-89BB-F5B6F7BCAE27}.Release|x64.ActiveCfg = Release|x64
		{EDCE0209-BE1D-4D9E-89BB-F5B6F7BCAE27}.Release|x64.Build.0 = Release|x64
		{EDCE0209-BE1D-4D9E-89BB-F5B6F7BCAE27}.Release|x86.ActiveCfg = Release|Win32
		{EDCE0209-BE1D-4D9E-89BB-F5B6F7BCAE27}.Release|x86.Build.0 = Release|Win32
		{1734427B-FD75-4D09-9CF7-2155536BA7E5}.Debug|x64.ActiveCfg = Debug|x64
		{1734427B-FD75-4D09-9CF7-2155536BA7E5}.Debug|x64.Build.0 = Debug|x64
		{1734427B-FD75-4D09-9CF7-2155536BA7E5}.Debug|x86.ActiveCfg = Debug|Win32
		{1734427B-FD75-4D09-9CF7-2155536BA7E5}.Debug|x86.Build.0 = Debug|Win32
		{1734427B-FD75-4D09-9CF7-2155536BA7E5}.Release|x64.ActiveCfg = Release|x64
		{1734427B-FD75-4D09-9CF7-2155536BA7E5}.Release|x64.Build.0 = Release|x64
		{1734427B-FD75-4D09-9CF7-2155536BA7E5}.Release|x86.ActiveCfg = Release|Win32
		{1734427B-FD75-4D09-9CF7-2155536BA7E5}.Release|x86.Build.0 = Release|Win32
		{057FC0B6-0CEF-47D5-B0AB-6A8EA8ED5150}.Debug|x64.ActiveCfg = Debug|x64
		{057FC0B6-0CEF-47D5-B0AB-6A8EA8ED5150}.Debug|x64.Build.0 = Debug|x64
		{057FC0B6-0CEF-47D5-B0AB-6A8EA8ED5150}.Debug|x86.ActiveCfg = Debug|Win32
		{057FC0B6-0CEF-47D5-B0AB-6A8EA8ED5150}.Debug|x86.Build.0 = Debug|Win32
		{057FC0B6-0CEF-47D5-B0AB-6A8EA8ED5150}.Release|x64.ActiveCfg = Release|x64
		{057FC0B6-0CEF-47D5-B0AB-6A8EA8ED5150}.Release|x64.Build.0 = Release|x64
		{057FC0B6-0CEF-47D5-B0AB-6A8EA8ED5150}.Release|x86.ActiveCfg = Release|Win32
		{057FC0B6-0CEF-47D5-B0AB-6A8EA8ED5150}.Release|x86.Build.0 = Release|Win32
		{A76AD8C1-BB16-402F-A9A5-B096E9579E6E}.Debug|x64.ActiveCfg = Debug|x64
		{A76AD8C1-BB16-402F-A9A5-B096E9579E6E}.Debug|x64.Build.0 = Debug|x64
		{A76AD8C1-BB16-402F-A9A5-B096E9579E6E}.Debug|x86.ActiveCfg = Debug|Win32
		{A76AD8C1-BB16-402F-A9A5-B096E9579E6E}.Debug|x86.Build.0 = Debug|Win32
		{A76AD8C1-BB16-402F-A9A5-B096E9579E6E}.Release|x64.ActiveCfg = Release|x64
		{A76AD8C1-BB16-402F-A9A5-B096E9579E6E}.Release|x64.Build.0 = Release|x64
		{A76AD8C1-BB16-402F-A9A5-B096E9579E6E}.Release|x86.ActiveCfg = Release|Win32
		{A76AD8C1-BB16-402F-A9A5-B096E9579E6E}.Release|x86.Build.0 = Release|Win32
		{393CBBD6-FA76-432B-8CF2-3064EB0DF855}.Debug|x64.ActiveCfg = Debug|x64
		{393CBBD6-FA76-432B-8CF2-3064EB0DF855}.Debug|x64.Build.0 = Debug|x64
		{393CBBD6-FA76-432B-8CF2-3064EB0DF855}.Debug|x86.ActiveCfg = Debug|Win32
		{393CBBD6-FA76-432B-8CF2-3064EB0DF855}.Debug|x86.Build.0 = Debug|Win32
		{393CBBD6-FA76-432B-8CF2-3064EB0DF855}.Release|x64.ActiveCfg = Release|x64
		{393CBBD6-FA76-432B-8CF2-3064EB0DF855}.Release|x64.Build.0 = Release|x64
		{393CBBD6-FA76-432B-8CF2-3064EB0DF855}.Release|x86.ActiveCfg = Release|Win32
		{393CBBD6-FA76-432B-8CF2-3064EB0DF855}.Release|x86.Build.0 = Release|Win32
		{5C4DE195-38DB-4A51-83D6-3DA3A7E06898}.Debug|x64.ActiveCfg = Debug|x64
		{5C4DE195-38DB-4A51-83D6-3DA3A7E06898}.Debug|x64.Build.0 = Debug|x64
		{5C4DE195-38DB-4A51-83D6-3DA3A7E06898}.Debug|x86.ActiveCfg = Debug|Win32
		{5C4DE195-38DB-4A51-83D6-3DA3A7E06898}.Debug|x86.Build.0 = Debug|Win32
		{5C4DE195-38DB-4A51-83D6-3DA3A7E06898}.Release|x64.ActiveCfg = Release|x64
		{5C4DE195-38DB-4A51-83D6-3DA3A7E06898}.Release|x64.Build.0 = Release|x64
		{5C4DE195-38DB-4A51-83D6-3DA3A7E06898}.Release|x86.ActiveCfg = Release|Win32
		{5C4DE195-38DB-4A51-83D6-3DA3A7E06898}.Release|x86.Build.0 = Release|Win32
		{D7509247-6B86-478E-9B57-A2B0F4A2F2A7}.Debug|x64.ActiveCfg = Debug|x64
		{D7509247-6B86-478E-9B57-A2B0F4A2F2A7}.Debug|x64.Build.0 = Debug|x64
		{D7509247-6B86-478E-9B57-A2B0F4A2F2A7}.Debug|x86.ActiveCfg = Debug|Win32
		{D7509247-6B86-478E-9B57-A2B0F4A2F2A7}.Debug|x86.Build.0 = Debug|Win32
		{D7509247-6B86-478E-9B57-A2B0F4A2F2A7}.Release|x64.ActiveCfg = Release|x64
		{D7509247-6B86-478E-9B57-A2B0F4A2F2A7}.Release|x64.Build.0 = Release|x64
		{D7509247-6B86-478E-9B57-A2B0F4A2F2A7}.Release|x86.ActiveCfg = Release|Win32
		{D7509247-6B86-478E-9B57-A2B0F4A2F2A7}.Release|x86.Build.0 = Release|Win32
		{1401E64E-396E-448D-BCDF-148B5B173110}.Debug|x64.ActiveCfg = Debug|x64
		{1401E64E-396E-448D-BCDF-148B5B173110}.Debug|x64.Build.0 = Debug|x64
		{1401E64E-396E-448D-BCDF-148B5B173110}.Debug|x86.ActiveCfg = Debug|Win32
		{1401E64E-396E-448D-BCDF-148B5B173110}.Debug|x86.Build.0 = Debug|Win32
		{1401E64E-396E-448D-BCDF-148B5B173110}.Release|x64.ActiveCfg = Release|x64
		{1401E64E-396E-448D-BCDF-148B5B173110}.Release|x64.Build.0 = Release|x64
		{1401E64E-396E-448D-BCDF-148B5B173110}.Release|x86.ActiveCfg = Release|Win32
		{1401E64E-396E-448D-BCDF-148B5B173110}.Release|x86.Build.0 = Release|Win32
		{BBD552BE-65BD-48BC-A4A4-12DAFFFC8142}.Debug|x64.ActiveCfg = Debug|x64
		{BBD552BE-65BD-48BC-A4A4-12DAFFFC8142}.Debug|x64.Build.0 = Debug|x64
		{BBD552BE-65BD-48BC-A4A4-12DAFFFC8142}.Debug|x86.ActiveCfg = Debug|Win32
		{BBD552BE-65BD-48BC-A4A4-12DAFFFC8142}.Debug|x86.Build.0 = Debug|Win32
		{BBD552BE-65BD-48BC-A4A4-12DAFFFC8142}.Release|x64.ActiveCfg = Release|x64
		{BBD552BE-65BD-48BC-A4A4-12DAFFFC8142}.Release|x64.Build.0 = Release|x64
		{BBD552BE-65BD-48BC-A4A4-12DAFFFC8142}.Release|x86.ActiveCfg = Release|Win32
		{BBD552BE-65BD-48BC-A4A4-12DAFFFC8142}.Release|x86.Build.0 = Release|Win32
		{22A2CC7A-1786-42E9-B215-39F1C4A8FB11}.Debug|x64.ActiveCfg = Debug|x64
		{22A2CC7A-1786-42E9-B215-39F1C4A8FB11}.Debug|x64.Build.0 = Debug|x64
		{22A2CC7A-1786-42E9-B215-39F1C4A8FB11}.Debug|x86.ActiveCfg = Debug|Win32
		{22A2CC7A-1786-42E9-B215-39F1C4A8FB11}.Debug|x86.Build.0 = Debug|Win32
		{22A2CC7A-1786-42E9-B215-39F1C4A8FB11}.Release|x64.ActiveCfg = Release|x64
		{22A2CC7A-1786-42E9-B215-39F1C4A8FB11}.Release|x64.Build.0 = Release|x64
		{22A2CC7A-1786-42E9-B215-39F1C4A8FB11}.Release|x86.ActiveCfg = Release|Win32
		{22A2CC7A-1786-42E9-B215-39F1C4A8FB11}.Release|x86.Build.0 = Release|Win32
		{5B30C1D2-1902-41A3-A87C-4983F4D7718A}.Debug|x64.ActiveCfg = Debug|x64
		{5B30C1D2-1902-41A3-A87C-4983F4D7718A}.Debug|x64.Build.0 = Debug|x64
		{5B30C1D2-1902-41A3-A87C-4983F4D7718A}.Debug|x86.ActiveCfg = Debug|Win32
		{5B30C1D2-1902-41A3-A87C-4983F4D7718A}.Debug|x86.Build.0 = Debug|Win32
		{5B30C1D2-1902-41A3-A87C-4983F4D7718A}.Release|x64.ActiveCfg = Release|x64
		{5B30C1D2-1902-41A3-A87C-4983F4D7718A}.Release|x64.Build.0 = Release|x64
		{5B30C1D2-1902-41A3-A87C-4983F4D7718A}.Release|x86.ActiveCfg = Release|Win32
		{5B30C1D2-1902-41A3-A87C-4983F4D7718A}.Release|x86.Build.0 = Release|Win32
		{271743B8-A32A-4DBE-924E-7CE134665B54}.Debug|x64.ActiveCfg = Debug|x64
		{271743B8-A32A-4DBE-924E-7CE134665B54}.Debug|x64.Build.0 = Debug|x64
		{271743B8-A32A-4DBE-924E-7CE134665B54}.Debug|x86.ActiveCfg = Debug|Win32
		{271743B8-A32A-4DBE-924E-7CE134665B54}.Debug|x86.Build.0 = Debug|Win32
		{271743B8-A32A-4DBE-924E-7CE134665B54}.Release|x64.ActiveCfg = Release|x64
		{271743B8-A32A-4DBE-924E-7CE134665B54}.Release|x64.Build.0 = Release|x64
		{271743B8-A32A-4DBE-924E-7CE134665B54}.Release|x86.ActiveCfg = Release|Win32
		{271743B8-A32A-4DBE-924E-7CE134665B54}.Release|x86.Build.0 = Release|Win32
		{FCAFCF33-5DFE-4141-BD83-81B18E2B1701}.Debug|x64.ActiveCfg = Debug|x64
		{FCAFCF33-5DFE-4141-BD83-81B18E2B1701}.Debug|x64.Build.0 = Debug|x64
		{FCAFCF33-5DFE-4141-BD83-81B18E2B1701}.Debug|x86.ActiveCfg = Debug|Win32
		{FCAFCF33-5DFE-4141-BD83-81B18E2B1701}.Debug|x86.Build.0 = Debug|Win32
		{FCAFCF33-5DFE-4141-BD83-81B18E2B1701}.Release|x64.ActiveCfg = Release|x64
		{FCAFCF33-5DFE-4141-BD83-81B18E2B1701}.Release|x64.Build.0 = Release|x64
		{FCAFCF33-5DFE-4141-BD83-81B18E2B1701}.Release|x86.ActiveCfg = Release|Win32
		{FCAFCF33-5DFE-4141-BD83-81B18E2B1701}.Release|x86.Build.0 = Release|Win32
		{146D2668-499F-4B19-95ED-E243FB688E5E}.Debug|x64.ActiveCfg = Debug|x64
		{146D2668-499F-4B19-95ED-E243FB688E5E}.Debug|x64.Build.0 = Debug|x64
		{146D2668-499F-4B19-95ED-E243FB688E5E}.Debug|x86.ActiveCfg = Debug|Win32
		{146D2668-499F-4B19-95ED-E243FB688E5E}.Debug|x86.Build.0 = Debug|Win32
		{146D2668-499F-4B19-95ED-E243FB688E5E}.Release|x64.ActiveCfg = Release|x64
		{146D2668-499F-4B19-95ED-E243FB688E5E}.Release|x64.Build.0 = Release|x64
		{146D2668-499F-4B19-95ED-E243FB688E5E}.Release|x86.ActiveCfg = Release|Win32
		{146D2668-499F-4B19-95ED-E243FB688E5E}.Release|x86.Build.0 = Release|Win32
		{07F04E71-78E4-416C-97E0-5D4A1D4E5EE0}.Debug|x64.ActiveCfg = Debug|x64
		{07F04E71-78E4-416C-97E0-5D4A1D4E5EE0}.Debug|x64.Build.0 = Debug|x64
		{07F04E71-78E4-416C-97E0-5D4A1D4E5EE0}.Debug|x86.ActiveCfg = Debug|Win32
		{07F04E71-78E4-416C-97E0-5D4A1D4E5EE0}.Debug|x86.Build.0 = Debug|Win32
		{07F04E71-78E4-416C-97E0-5D4A1D4E5EE0}.Release|x64.ActiveCfg = Release|x64
		{07F04E71-78E4-416C-97E0-5D4A1D4E5EE0}.Release|x64.Build.0 = Release|x64
		{07F04E71-78E4-416C-97E0-5D4A1D4E5EE0}.Release|x86.ActiveCfg = Release|Win32
		{07F04E71-78E4-416C-97E0-5D4A1D4E5EE0}.Release|x86.Build.0 = Release|Win32
		{F8E310C1-9629-4799-814E-46F7E15C96F1}.Debug|x64.ActiveCfg = Debug|x64
		{F8E310C1-9629-4799-814E-46F7E15C96F1}.Debug|x64.Build.0 = Debug|x64
		{F8E310C1-9629-4799-814E-46F7E15C96F1}.Debug|x86.ActiveCfg = Debug|Win32
		{F8E310C1-9629-4799-814E-46F7E15C96F1}.Debug|x86.Build.0 = Debug|Win32
		{F8E310C1-9629-4799-814E-46F7E15C96F1}.Release|x64.ActiveCfg = Release|x64
		{F8E310C1-9629-4799-814E-46F7E15C96F1}.Release|x64.Build.0 = Release|x64
		{F8E310C1-9629-4799-814E-46F7E15C96F1}.Release|x86.ActiveCfg = Release|Win32
		{F8E310C1-9629-4799-814E-46F7E15C96F1}.Release|x86.Build.0 = Release|Win32
		{CA6F9D49-8857-48A4-905F-C051C0F5A4F1}.Debug|x64.ActiveCfg = Debug|x64
		{CA6F9D49-8857-48A4-905F-C051C0F5A4F1}.Debug|x64.Build.0 = Debug|x64
		{CA6F9D49-8857-48A4-905F-C051C0F5A4F1}.Debug|x86.ActiveCfg = Debug|Win32
		{CA6F9D49-8857-48A4-905F-C051C0F5A4F1}.Debug|x86.Build.0 = Debug|Win32
		{CA6F9D49-8857-48A4-905F-C051C0F5A4F1}.Release|x64.ActiveCfg = Release|x64
		{CA6F9D49-8857-48A4-905F-C051C0F5A4F1}.Release|x64.Build.0 = Release|x64
		{CA6F9D49-8857-48A4-905F-C051C0F5A4F1}.Release|x86.ActiveCfg = Release|Win32
		{CA6F9D49-8857-48A4-905F-C051C0F5A4F1}.Release|x86.Build.0 = Release|Win32
		{32DD7E3E-98C1-41E1-B948-F0FFAA522D4A}.Debug|x64.ActiveCfg = Debug|x64
		{32DD7E3E-98C1-41E1-B948-F0FFAA522D4A}.Debug|x64.Build.0 = Debug|x64
		{32DD7E3E-98C1-41E1-B948-F0FFAA522D4A}.Debug|x86.ActiveCfg = Debug|Win32
		{32DD7E3E-98C1-41E1-B948-F0FFAA522D4A}.Debug|x86.Build.0 = Debug|Win32
		{32DD7E3E-98C1-41E1-B948-F0FFAA522D4A}.Release|x64.ActiveCfg = Release|x64
		{32DD7E3E-98C1-41E1-B948-F0FFAA522D4A}.Release|x64.Build.0 = Release|x64
		{32DD7E3E-98C1-41E1-B948-F0FFAA522D4A}.Release|x86.ActiveCfg = Release|Win32
		{32DD7E3E-98C1-41E1-B948-F0FFAA522D4A}.Release|x86.Build.0 = Release|Win32
		{F63ACCA8-64D5-40A7-9BA5-896B45335E32}.Debug|x64.ActiveCfg = Debug|x64
		{F63ACCA8-64D5-40A7-9BA5-896B45335E32}.Debug|x64.Build.0 = Debug|x64
		{F63ACCA8-64D5-40A7-9BA5-896B45335E32}.Debug|x86.ActiveCfg = Debug|Win32
		{F63ACCA8-64D5-40A7-9BA5-896B45335E32}.Debug|x86.Build.0 = Debug|Win32
		{F63ACCA8-64D5-40A7-9BA5-896B45335E32}.Release|x64.ActiveCfg = Release|x64
		{F63ACCA8-64D5-40A7-9BA5-896B45335E32}.Release|x64.Build.0 = Release|x64
		{F63ACCA8-64D5-40A7-9BA5-896B45335E32}.Release|x86.ActiveCfg = Release|Win32
		{F63ACCA8-64D5-40A7-9BA5-896B45335E32}.Release|x86.Build.0 = Release|Win32
		{1147E624-A69F-4C8F-8E18-CD589F8C9758}.Debug|x64.ActiveCfg = Debug|x64
		{1147E624-A69F-4C8F-8E18-CD589F8C9758}.Debug|x64.Build.0 = Debug|x64
		{1147E624-A69F-4C8F-8E18-CD589F8C9758}.Debug|x86.ActiveCfg = Debug|Win32
		{1147E624-A69F-4C8F-8E18-CD589F8C9758}.Debug|x86.Build.0 = Debug|Win32
		{1147E624-A69F-4C8F-8E18-CD589F8C9758}.Release|x64.ActiveCfg = Release|x64
		{1147E624-A69F-4C8F-8E18-CD589F8C9758}.Release|x64.Build.0 = Release|x64
		{1147E624-A69F-4C8F-8E18-CD589F8C9758}.Release|x86.ActiveCfg = Release|Win32
		{1147E624-A69F-4C8F-8E18-CD589F8C9758}.Release|x86.Build.0 = Release|Win32
		{170096D6-8E0A-40E1-88F4-CAAC2D4B5EDD}.Debug|x64.ActiveCfg = Debug|x64
		{170096D6-8E0A-40E1-88F4-CAAC2D4B5EDD}.Debug|x64.Build.0 = Debug|x64
		{170096D6-8E0A-40E1-88F4-CAAC2D4B5EDD}.Debug|x86.ActiveCfg = Debug|Win32
		{170096D6-8E0A-40E1-88F4-CAAC2D4B5EDD}.Debug|x86.Build.0 = Debug|Win32
		{170096D6-8E0A-40E1-88F4-CAAC2D4B5EDD}.Release|x64.ActiveCfg = Release|x64
		{170096D6-8E0A-40E1-88F4-CAAC2D4B5EDD}.Release|x64.Build.0 = Release|x64
		{170096D6-8E0A-40E1-88F4-CAAC2D4B5EDD}.Release|x86.ActiveCfg = Release|Win32
		{170096D6-8E0A-40E1-88F4-CAAC2D4B5EDD}.Release|x86.Build.0 = Release|Win32
		{FF9734AE-91A3-47BD-A6E8-D4B93EB6F77D}.Debug|x64.ActiveCfg = Debug|x64
		{FF9734AE-91A3-47BD-A6E8-D4B93EB6F77D}.Debug|x64.Build.0 = Debug|x64
		{FF9734AE-91A3-47BD-A6E8-D4B93EB6F77D}.Debug|x86.ActiveCfg = Debug|Win32
		{FF9734AE-91A3-47BD-A6E8-D4B93EB6F77D}.Debug|x86.Build.0 = Debug|Win32
		{FF9734AE-91A3-47BD-A6E8-D4B93EB6F77D}.Release|x64.ActiveCfg = Release|x64
		{FF9734AE-91A3-47BD-A6E8-D4B93EB6F77D}.Release|x64.Build.0 = Release|x64
		{FF9734AE-91A3-47BD-A6E8-D4B93EB6F77D}.Release|x86.ActiveCfg = Release|Win32
		{FF9734AE-91A3-47BD-A6E8-D4B93EB6F77D}.Release|x86.Build.0 = Release|Win32
	EndGlobalSection
	GlobalSection(SolutionProperties) = preSolution
		HideSolutionNode = FALSE
	EndGlobalSection
	GlobalSection(NestedProjects) = preSolution
		{8A995D3C-41E3-4742-BD23-ED0F09B1DFC4} = {3B913292-8CD8-479B-B4CF-F898D2A72B8D}
		{5269E592-2FF2-44DA-A18D-6BCF2194624D} = {EF76B03E-F520-4D82-8ED1-FC2B74D83A8C}
		{AEA8C25D-D39D-449E-BF4F-130DC1A85612} = {EF76B03E-F520-4D82-8ED1-FC2B74D83A8C}
		{52DB0961-B2DA-46EC-847E-6445584132E3} = {0A0827F0-BD6F-497C-B2FC-3198A1518DC8}
		{33C6EBBF-2919-427C-90B5-92CD9F9CFCAA} = {0A0827F0-BD6F-497C-B2FC-3198A1518DC8}
		{6049C43C-6634-4C11-AD18-916014D19E12} = {6F18826C-17DA-40B3-B82F-149C736DA924}
		{D0FAE502-D650-4F3C-8C7B-691FC048CA93} = {72664FDD-B00A-4A75-9717-9E0927FDB21A}
		{947A707C-17E1-4B3C-8A17-3D6485FCBA4B} = {72664FDD-B00A-4A75-9717-9E0927FDB21A}
		{3955E67C-1290-4BD2-B0AC-246F77B53C1E} = {72664FDD-B00A-4A75-9717-9E0927FDB21A}
		{636D46C0-207A-478A-A1E8-FB803946A875} = {72664FDD-B00A-4A75-9717-9E0927FDB21A}
		{55BE764F-2F31-4DFE-902C-9CF567D4471F} = {0A0827F0-BD6F-497C-B2FC-3198A1518DC8}
		{85A5462D-0A5E-4018-AA12-FAF939D59BB7} = {EF76B03E-F520-4D82-8ED1-FC2B74D83A8C}
		{EDCE0209-BE1D-4D9E-89BB-F5B6F7BCAE27} = {EF76B03E-F520-4D82-8ED1-FC2B74D83A8C}
		{1734427B-FD75-4D09-9CF7-2155536BA7E5} = {EF76B03E-F520-4D82-8ED1-FC2B74D83A8C}
		{057FC0B6-0CEF-47D5-B0AB-6A8EA8ED5150} = {84CF55E7-26B4-4A90-B8D3-9E248DCC70DB}
		{A76AD8C1-BB16-402F-A9A5-B096E9579E6E} = {84CF55E7-26B4-4A90-B8D3-9E248DCC70DB}
		{393CBBD6-FA76-432B-8CF2-3064EB0DF855} = {84CF55E7-26B4-4A90-B8D3-9E248DCC70DB}
		{5C4DE195-38DB-4A51-83D6-3DA3A7E06898} = {84CF55E7-26B4-4A90-B8D3-9E248DCC70DB}
		{D7509247-6B86-478E-9B57-A2B0F4A2F2A7} = {84CF55E7-26B4-4A90-B8D3-9E248DCC70DB}
		{1401E64E-396E-448D-BCDF-148B5B173110} = {84CF55E7-26B4-4A90-B8D3-9E248DCC70DB}
		{BBD552BE-65BD-48BC-A4A4-12DAFFFC8142} = {84CF55E7-26B4-4A90-B8D3-9E248DCC70DB}
		{22A2CC7A-1786-42E9-B215-39F1C4A8FB11} = {84CF55E7-26B4-4A90-B8D3-9E248DCC70DB}
		{5B30C1D2-1902-41A3-A87C-4983F4D7718A} = {84CF55E7-26B4-4A90-B8D3-9E248DCC70DB}
		{271743B8-A32A-4DBE-924E-7CE134665B54} = {84CF55E7-26B4-4A90-B8D3-9E248DCC70DB}
		{FCAFCF33-5DFE-4141-BD83-81B18E2B1701} = {84CF55E7-26B4-4A90-B8D3-9E248DCC70DB}
		{146D2668-499F-4B19-95ED-E243FB688E5E} = {84CF55E7-26B4-4A90-B8D3-9E248DCC70DB}
		{07F04E71-78E4-416C-97E0-5D4A1D4E5EE0} = {84CF55E7-26B4-4A90-B8D3-9E248DCC70DB}
		{F8E310C1-9629-4799-814E-46F7E15C96F1} = {963D3F0A-9939-4091-A025-9A7CFEEB82D2}
		{CA6F9D49-8857-48A4-905F-C051C0F5A4F1} = {963D3F0A-9939-4091-A025-9A7CFEEB82D2}
		{32DD7E3E-98C1-41E1-B948-F0FFAA522D4A} = {963D3F0A-9939-4091-A025-9A7CFEEB82D2}
		{F63ACCA8-64D5-40A7-9BA5-896B45335E32} = {963D3F0A-9939-4091-A025-9A7CFEEB82D2}
		{1147E624-A69F-4C8F-8E18-CD589F8C9758} = {963D3F0A-9939-4091-A025-9A7CFEEB82D2}
		{170096D6-8E0A-40E1-88F4-CAAC2D4B5EDD} = {963D3F0A-9939-4091-A025-9A7CFEEB82D2}
		{FF9734AE-91A3-47BD-A6E8-D4B93EB6F77D} = {6F18826C-17DA-40B3-B82F-149C736DA924}
	EndGlobalSection
	GlobalSection(ExtensibilityGlobals) = postSolution
		SolutionGuid = {A9E4D707-2039-4F4A-BD91-34EECCA5E265}
	EndGlobalSection
EndGlobal
