<?xml version="1.0" encoding="utf-8"?>
<Project ToolsVersion="4.0" xmlns="http://schemas.microsoft.com/developer/msbuild/2003">
  <ItemGroup>
    <ClInclude Include="..\..\..\thirdparty\mysqlpp\autoflag.h" />
    <ClInclude Include="..\..\..\thirdparty\mysqlpp\beemutex.h" />
    <ClInclude Include="..\..\..\thirdparty\mysqlpp\cmdline.h" />
    <ClInclude Include="..\..\..\thirdparty\mysqlpp\common.h" />
    <ClInclude Include="..\..\..\thirdparty\mysqlpp\comparable.h" />
    <ClInclude Include="..\..\..\thirdparty\mysqlpp\connection.h" />
    <ClInclude Include="..\..\..\thirdparty\mysqlpp\cpool.h" />
    <ClInclude Include="..\..\..\thirdparty\mysqlpp\datetime.h" />
    <ClInclude Include="..\..\..\thirdparty\mysqlpp\dbdriver.h" />
    <ClInclude Include="..\..\..\thirdparty\mysqlpp\exceptions.h" />
    <ClInclude Include="..\..\..\thirdparty\mysqlpp\field.h" />
    <ClInclude Include="..\..\..\thirdparty\mysqlpp\field_names.h" />
    <ClInclude Include="..\..\..\thirdparty\mysqlpp\field_types.h" />
    <ClInclude Include="..\..\..\thirdparty\mysqlpp\insertpolicy.h" />
    <ClInclude Include="..\..\..\thirdparty\mysqlpp\manip.h" />
    <ClInclude Include="..\..\..\thirdparty\mysqlpp\myset.h" />
    <ClInclude Include="..\..\..\thirdparty\mysqlpp\mystring.h" />
    <ClInclude Include="..\..\..\thirdparty\mysqlpp\noexceptions.h" />
    <ClInclude Include="..\..\..\thirdparty\mysqlpp\null.h" />
    <ClInclude Include="..\..\..\thirdparty\mysqlpp\options.h" />
    <ClInclude Include="..\..\..\thirdparty\mysqlpp\qparms.h" />
    <ClInclude Include="..\..\..\thirdparty\mysqlpp\query.h" />
    <ClInclude Include="..\..\..\thirdparty\mysqlpp\refcounted.h" />
    <ClInclude Include="..\..\..\thirdparty\mysqlpp\result.h" />
    <ClInclude Include="..\..\..\thirdparty\mysqlpp\row.h" />
    <ClInclude Include="..\..\..\thirdparty\mysqlpp\scopedconnection.h" />
    <ClInclude Include="..\..\..\thirdparty\mysqlpp\sql_buffer.h" />
    <ClInclude Include="..\..\..\thirdparty\mysqlpp\sql_types.h" />
    <ClInclude Include="..\..\..\thirdparty\mysqlpp\sqlstream.h" />
    <ClInclude Include="..\..\..\thirdparty\mysqlpp\ssqls2.h" />
    <ClInclude Include="..\..\..\thirdparty\mysqlpp\stadapter.h" />
    <ClInclude Include="..\..\..\thirdparty\mysqlpp\stream2string.h" />
    <ClInclude Include="..\..\..\thirdparty\mysqlpp\tcp_connection.h" />
    <ClInclude Include="..\..\..\thirdparty\mysqlpp\tiny_int.h" />
    <ClInclude Include="..\..\..\thirdparty\mysqlpp\transaction.h" />
    <ClInclude Include="..\..\..\thirdparty\mysqlpp\type_info.h" />
    <ClInclude Include="..\..\..\thirdparty\mysqlpp\uds_connection.h" />
    <ClInclude Include="..\..\..\thirdparty\mysqlpp\utility.h" />
    <ClInclude Include="..\..\..\thirdparty\mysqlpp\vallist.h" />
    <ClInclude Include="..\..\..\thirdparty\mysqlpp\wnp_connection.h" />
    <ClInclude Include="..\..\..\thirdparty\mysqlpp\mysql++.h" />
    <ClInclude Include="..\..\..\thirdparty\mysqlpp\querydef.h" />
  </ItemGroup>
  <ItemGroup>
    <ClCompile Include="..\..\..\thirdparty\mysqlpp\beemutex.cpp" />
    <ClCompile Include="..\..\..\thirdparty\mysqlpp\cmdline.cpp" />
    <ClCompile Include="..\..\..\thirdparty\mysqlpp\connection.cpp" />
    <ClCompile Include="..\..\..\thirdparty\mysqlpp\cpool.cpp" />
    <ClCompile Include="..\..\..\thirdparty\mysqlpp\datetime.cpp" />
    <ClCompile Include="..\..\..\thirdparty\mysqlpp\dbdriver.cpp" />
    <ClCompile Include="..\..\..\thirdparty\mysqlpp\field_names.cpp" />
    <ClCompile Include="..\..\..\thirdparty\mysqlpp\field_types.cpp" />
    <ClCompile Include="..\..\..\thirdparty\mysqlpp\manip.cpp" />
    <ClCompile Include="..\..\..\thirdparty\mysqlpp\myset.cpp" />
    <ClCompile Include="..\..\..\thirdparty\mysqlpp\mysql++.cpp" />
    <ClCompile Include="..\..\..\thirdparty\mysqlpp\mystring.cpp" />
    <ClCompile Include="..\..\..\thirdparty\mysqlpp\null.cpp" />
    <ClCompile Include="..\..\..\thirdparty\mysqlpp\options.cpp" />
    <ClCompile Include="..\..\..\thirdparty\mysqlpp\qparms.cpp" />
    <ClCompile Include="..\..\..\thirdparty\mysqlpp\query.cpp" />
    <ClCompile Include="..\..\..\thirdparty\mysqlpp\result.cpp" />
    <ClCompile Include="..\..\..\thirdparty\mysqlpp\row.cpp" />
    <ClCompile Include="..\..\..\thirdparty\mysqlpp\scopedconnection.cpp" />
    <ClCompile Include="..\..\..\thirdparty\mysqlpp\sql_buffer.cpp" />
    <ClCompile Include="..\..\..\thirdparty\mysqlpp\sqlstream.cpp" />
    <ClCompile Include="..\..\..\thirdparty\mysqlpp\ssqls2.cpp" />
    <ClCompile Include="..\..\..\thirdparty\mysqlpp\stadapter.cpp" />
    <ClCompile Include="..\..\..\thirdparty\mysqlpp\tcp_connection.cpp" />
    <ClCompile Include="..\..\..\thirdparty\mysqlpp\transaction.cpp" />
    <ClCompile Include="..\..\..\thirdparty\mysqlpp\type_info.cpp" />
    <ClCompile Include="..\..\..\thirdparty\mysqlpp\uds_connection.cpp" />
    <ClCompile Include="..\..\..\thirdparty\mysqlpp\utility.cpp" />
    <ClCompile Include="..\..\..\thirdparty\mysqlpp\vallist.cpp" />
    <ClCompile Include="..\..\..\thirdparty\mysqlpp\wnp_connection.cpp" />
  </ItemGroup>
  <ItemGroup>
    <None Include="..\..\..\thirdparty\mysqlpp\Doxyfile.in" />
    <None Include="..\..\..\thirdparty\mysqlpp\mysql++.h.in" />
    <None Include="..\..\..\thirdparty\mysqlpp\querydef.pl" />
    <None Include="..\..\..\thirdparty\mysqlpp\ssqls.pl" />
  </ItemGroup>
</Project>