<?xml version="1.0" encoding="utf-8"?>
<Project ToolsVersion="4.0" xmlns="http://schemas.microsoft.com/developer/msbuild/2003">
  <ItemGroup>
    <ClCompile Include="..\..\..\src\NFServer\NFWebServer\NFWebServerPlugin\NFCWebServerModule.cpp" />
    <ClCompile Include="..\..\..\src\NFServer\NFWebServer\NFWebServerPlugin\NFWebServerPlugin.cpp" />
  </ItemGroup>
  <ItemGroup>
    <ClInclude Include="..\..\..\src\NFServer\NFWebServer\NFWebServerPlugin\NFCWebServerModule.h" />
    <ClInclude Include="..\..\..\src\NFServer\NFWebServer\NFWebServerPlugin\NFWebServerPlugin.h" />
  </ItemGroup>
</Project>