<?xml version="1.0" encoding="utf-8"?>
<Project ToolsVersion="4.0" xmlns="http://schemas.microsoft.com/developer/msbuild/2003">
  <ItemGroup>
    <ClCompile Include="..\..\..\src\NFServer\NFSnsServer\NFSnsServerPlugin\NFSnsServerModule.cpp" />
    <ClCompile Include="..\..\..\src\NFServer\NFSnsServer\NFSnsServerPlugin\NFSnsServerPlugin.cpp" />
  </ItemGroup>
  <ItemGroup>
    <ClInclude Include="..\..\..\src\NFServer\NFSnsServer\NFSnsServerPlugin\NFSnsServerModule.h" />
    <ClInclude Include="..\..\..\src\NFServer\NFSnsServer\NFSnsServerPlugin\NFSnsServerPlugin.h" />
  </ItemGroup>
</Project>